
Microsoft Visual Studio Solution File, Format Version 12.00
Project("{2150E333-8FDC-42A3-9474-1A3956D46DE8}") = "Src", "Src", "{1261EFC7-9F07-49D0-B104-9F64F653AEAC}"
EndProject
Project("{2150E333-8FDC-42A3-9474-1A3956D46DE8}") = "Test", "Test", "{CA53EA48-5475-4006-907E-18B6302007A5}"
EndProject
Project("{FAE04EC0-301F-11D3-BF4B-00C04F79EFBC}") = "Common.Api", "Src\Common.Api\Common.Api.csproj", "{DB007C1B-C0B3-4E98-945B-C97399515C8D}"
EndProject
Project("{FAE04EC0-301F-11D3-BF4B-00C04F79EFBC}") = "Common.Application", "Src\Common.Application\Common.Application.csproj", "{900866AD-E3A2-40DF-A019-076248CAB8D4}"
EndProject
Project("{FAE04EC0-301F-11D3-BF4B-00C04F79EFBC}") = "Common.Application.UnitTests", "Test\Common.Application.UnitTests\Common.Application.UnitTests.csproj", "{3D747879-4389-44C4-BBB5-BBFA370F1C3E}"
EndProject
Global
	GlobalSection(SolutionConfigurationPlatforms) = preSolution
		Debug|Any CPU = Debug|Any CPU
		Release|Any CPU = Release|Any CPU
	EndGlobalSection
	GlobalSection(NestedProjects) = preSolution
		{DB007C1B-C0B3-4E98-945B-C97399515C8D} = {1261EFC7-9F07-49D0-B104-9F64F653AEAC}
		{900866AD-E3A2-40DF-A019-076248CAB8D4} = {1261EFC7-9F07-49D0-B104-9F64F653AEAC}
		{3D747879-4389-44C4-BBB5-BBFA370F1C3E} = {CA53EA48-5475-4006-907E-18B6302007A5}
	EndGlobalSection
	GlobalSection(ProjectConfigurationPlatforms) = postSolution
		{DB007C1B-C0B3-4E98-945B-C97399515C8D}.Debug|Any CPU.ActiveCfg = Debug|Any CPU
		{DB007C1B-C0B3-4E98-945B-C97399515C8D}.Debug|Any CPU.Build.0 = Debug|Any CPU
		{DB007C1B-C0B3-4E98-945B-C97399515C8D}.Release|Any CPU.ActiveCfg = Release|Any CPU
		{DB007C1B-C0B3-4E98-945B-C97399515C8D}.Release|Any CPU.Build.0 = Release|Any CPU
		{900866AD-E3A2-40DF-A019-076248CAB8D4}.Debug|Any CPU.ActiveCfg = Debug|Any CPU
		{900866AD-E3A2-40DF-A019-076248CAB8D4}.Debug|Any CPU.Build.0 = Debug|Any CPU
		{900866AD-E3A2-40DF-A019-076248CAB8D4}.Release|Any CPU.ActiveCfg = Release|Any CPU
		{900866AD-E3A2-40DF-A019-076248CAB8D4}.Release|Any CPU.Build.0 = Release|Any CPU
		{3D747879-4389-44C4-BBB5-BBFA370F1C3E}.Debug|Any CPU.ActiveCfg = Debug|Any CPU
		{3D747879-4389-44C4-BBB5-BBFA370F1C3E}.Debug|Any CPU.Build.0 = Debug|Any CPU
		{3D747879-4389-44C4-BBB5-BBFA370F1C3E}.Release|Any CPU.ActiveCfg = Release|Any CPU
		{3D747879-4389-44C4-BBB5-BBFA370F1C3E}.Release|Any CPU.Build.0 = Release|Any CPU
	EndGlobalSection
EndGlobal
